
Microsoft Visual Studio Solution File, Format Version 12.00
# Visual Studio Version 17
Project("{2150E333-8FDC-42A3-9474-1A3956D46DE8}") = "CMakePredefinedTargets", "CMakePredefinedTargets", "{A6A40FFF-517F-3043-BB76-4274FA7EC322}"
EndProject
Project("{2150E333-8FDC-42A3-9474-1A3956D46DE8}") = "CTestDashboardTargets", "CTestDashboardTargets", "{5C1A2AD2-7521-3F8A-99EB-6EB417A03432}"
EndProject
Project("{8BC9CEB8-8B4A-11D0-8D11-00A0C91BC942}") = "ALL_BUILD", "ALL_BUILD.vcxproj", "{1A5B792C-5051-3631-B774-34CEF4355118}"
	ProjectSection(ProjectDependencies) = postProject
		{258D78FF-FAEA-345B-A557-BA0876F89AD4} = {258D78FF-FAEA-345B-A557-BA0876F89AD4}
		{B84E0C68-E5A3-3B53-AB92-D2A27AA8F91D} = {B84E0C68-E5A3-3B53-AB92-D2A27AA8F91D}
		{2433BEC6-1D0C-35D5-B786-46B7C91CB5C8} = {2433BEC6-1D0C-35D5-B786-46B7C91CB5C8}
		{2A22BF50-500A-31AF-8DF4-EDE7AE5AF9F1} = {2A22BF50-500A-31AF-8DF4-EDE7AE5AF9F1}
		{4FFBCBE4-DF81-3F6B-B358-DDB907DA9349} = {4FFBCBE4-DF81-3F6B-B358-DDB907DA9349}
		{A03B969A-C20F-3DAB-8DA6-C7837C49441F} = {A03B969A-C20F-3DAB-8DA6-C7837C49441F}
		{4473FEA6-DCC3-345E-A87A-583664733CB3} = {4473FEA6-DCC3-345E-A87A-583664733CB3}
		{822A9308-4EC7-3E7B-95DA-398C6C01899A} = {822A9308-4EC7-3E7B-95DA-398C6C01899A}
		{82CE27FB-A4E3-3FA9-96CE-F0709918595E} = {82CE27FB-A4E3-3FA9-96CE-F0709918595E}
		{65CAF7A5-BA7D-3E3D-8BB5-F9A4359FBE3C} = {65CAF7A5-BA7D-3E3D-8BB5-F9A4359FBE3C}
		{FF0FD46F-1255-318B-9401-3B24248A9231} = {FF0FD46F-1255-318B-9401-3B24248A9231}
		{B4E90C26-C4DA-33F0-B2AE-D34829175003} = {B4E90C26-C4DA-33F0-B2AE-D34829175003}
		{C0DADE31-9404-3F74-B0AD-62A7157405BB} = {C0DADE31-9404-3F74-B0AD-62A7157405BB}
		{66BCA88C-A50E-3AB2-AFEE-4FD68F9A364C} = {66BCA88C-A50E-3AB2-AFEE-4FD68F9A364C}
		{5234BA08-B360-31D1-BA8C-0B1B12ABF9FA} = {5234BA08-B360-31D1-BA8C-0B1B12ABF9FA}
		{9D6ED139-0135-3ED4-AC8F-7DFA5428D2AF} = {9D6ED139-0135-3ED4-AC8F-7DFA5428D2AF}
		{EF2ADD2A-3EBF-350D-97BF-562AC8AD51D9} = {EF2ADD2A-3EBF-350D-97BF-562AC8AD51D9}
		{B02E255E-79D1-3995-AA46-DB9644BAAB5D} = {B02E255E-79D1-3995-AA46-DB9644BAAB5D}
		{089F7EF5-67AD-3150-BB42-65CBD696AB3C} = {089F7EF5-67AD-3150-BB42-65CBD696AB3C}
	EndProjectSection
EndProject
Project("{8BC9CEB8-8B4A-11D0-8D11-00A0C91BC942}") = "Continuous", "Continuous.vcxproj", "{8F8AE7B0-665B-3AEB-B242-E1DA6AA15DC7}"
	ProjectSection(ProjectDependencies) = postProject
		{258D78FF-FAEA-345B-A557-BA0876F89AD4} = {258D78FF-FAEA-345B-A557-BA0876F89AD4}
	EndProjectSection
EndProject
Project("{8BC9CEB8-8B4A-11D0-8D11-00A0C91BC942}") = "Experimental", "Experimental.vcxproj", "{8492251B-E8C3-3DC5-9183-5F287123EC0F}"
	ProjectSection(ProjectDependencies) = postProject
		{258D78FF-FAEA-345B-A557-BA0876F89AD4} = {258D78FF-FAEA-345B-A557-BA0876F89AD4}
	EndProjectSection
EndProject
Project("{8BC9CEB8-8B4A-11D0-8D11-00A0C91BC942}") = "Nightly", "Nightly.vcxproj", "{31ECE8A7-C7C0-3EED-B7E7-594D796EBDAF}"
	ProjectSection(ProjectDependencies) = postProject
		{258D78FF-FAEA-345B-A557-BA0876F89AD4} = {258D78FF-FAEA-345B-A557-BA0876F89AD4}
	EndProjectSection
EndProject
Project("{8BC9CEB8-8B4A-11D0-8D11-00A0C91BC942}") = "NightlyMemoryCheck", "NightlyMemoryCheck.vcxproj", "{A1975A51-B1E9-3ED8-9F0C-9BA7F1865A4D}"
	ProjectSection(ProjectDependencies) = postProject
		{258D78FF-FAEA-345B-A557-BA0876F89AD4} = {258D78FF-FAEA-345B-A557-BA0876F89AD4}
	EndProjectSection
EndProject
Project("{8BC9CEB8-8B4A-11D0-8D11-00A0C91BC942}") = "RUN_TESTS", "RUN_TESTS.vcxproj", "{07834A9D-1EF8-3B9B-899D-C1FF5FE3179B}"
	ProjectSection(ProjectDependencies) = postProject
		{258D78FF-FAEA-345B-A557-BA0876F89AD4} = {258D78FF-FAEA-345B-A557-BA0876F89AD4}
	EndProjectSection
EndProject
Project("{8BC9CEB8-8B4A-11D0-8D11-00A0C91BC942}") = "ZERO_CHECK", "ZERO_CHECK.vcxproj", "{258D78FF-FAEA-345B-A557-BA0876F89AD4}"
	ProjectSection(ProjectDependencies) = postProject
	EndProjectSection
EndProject
Project("{8BC9CEB8-8B4A-11D0-8D11-00A0C91BC942}") = "navscene", "src\navscene.vcxproj", "{B84E0C68-E5A3-3B53-AB92-D2A27AA8F91D}"
	ProjectSection(ProjectDependencies) = postProject
		{258D78FF-FAEA-345B-A557-BA0876F89AD4} = {258D78FF-FAEA-345B-A557-BA0876F89AD4}
		{14C236ED-7C31-36DA-8100-61ED01170500} = {14C236ED-7C31-36DA-8100-61ED01170500}
	EndProjectSection
EndProject
Project("{8BC9CEB8-8B4A-11D0-8D11-00A0C91BC942}") = "navscene-chart-scene-builder-filters", "tests\navscene-chart-scene-builder-filters.vcxproj", "{2433BEC6-1D0C-35D5-B786-46B7C91CB5C8}"
	ProjectSection(ProjectDependencies) = postProject
		{258D78FF-FAEA-345B-A557-BA0876F89AD4} = {258D78FF-FAEA-345B-A557-BA0876F89AD4}
		{B84E0C68-E5A3-3B53-AB92-D2A27AA8F91D} = {B84E0C68-E5A3-3B53-AB92-D2A27AA8F91D}
	EndProjectSection
EndProject
Project("{8BC9CEB8-8B4A-11D0-8D11-00A0C91BC942}") = "navscene-chart-selection", "tests\navscene-chart-selection.vcxproj", "{2A22BF50-500A-31AF-8DF4-EDE7AE5AF9F1}"
	ProjectSection(ProjectDependencies) = postProject
		{258D78FF-FAEA-345B-A557-BA0876F89AD4} = {258D78FF-FAEA-345B-A557-BA0876F89AD4}
		{B84E0C68-E5A3-3B53-AB92-D2A27AA8F91D} = {B84E0C68-E5A3-3B53-AB92-D2A27AA8F91D}
	EndProjectSection
EndProject
Project("{8BC9CEB8-8B4A-11D0-8D11-00A0C91BC942}") = "navscene-demo-qt", "demo\qt\navscene-demo-qt.vcxproj", "{4FFBCBE4-DF81-3F6B-B358-DDB907DA9349}"
	ProjectSection(ProjectDependencies) = postProject
		{258D78FF-FAEA-345B-A557-BA0876F89AD4} = {258D78FF-FAEA-345B-A557-BA0876F89AD4}
		{B84E0C68-E5A3-3B53-AB92-D2A27AA8F91D} = {B84E0C68-E5A3-3B53-AB92-D2A27AA8F91D}
	EndProjectSection
EndProject
Project("{8BC9CEB8-8B4A-11D0-8D11-00A0C91BC942}") = "navscene-error-paths", "tests\navscene-error-paths.vcxproj", "{A03B969A-C20F-3DAB-8DA6-C7837C49441F}"
	ProjectSection(ProjectDependencies) = postProject
		{258D78FF-FAEA-345B-A557-BA0876F89AD4} = {258D78FF-FAEA-345B-A557-BA0876F89AD4}
		{B84E0C68-E5A3-3B53-AB92-D2A27AA8F91D} = {B84E0C68-E5A3-3B53-AB92-D2A27AA8F91D}
	EndProjectSection
EndProject
Project("{8BC9CEB8-8B4A-11D0-8D11-00A0C91BC942}") = "navscene-label-layout", "tests\navscene-label-layout.vcxproj", "{4473FEA6-DCC3-345E-A87A-583664733CB3}"
	ProjectSection(ProjectDependencies) = postProject
		{258D78FF-FAEA-345B-A557-BA0876F89AD4} = {258D78FF-FAEA-345B-A557-BA0876F89AD4}
		{B84E0C68-E5A3-3B53-AB92-D2A27AA8F91D} = {B84E0C68-E5A3-3B53-AB92-D2A27AA8F91D}
	EndProjectSection
EndProject
Project("{8BC9CEB8-8B4A-11D0-8D11-00A0C91BC942}") = "navscene-layer-composition", "tests\navscene-layer-composition.vcxproj", "{822A9308-4EC7-3E7B-95DA-398C6C01899A}"
	ProjectSection(ProjectDependencies) = postProject
		{258D78FF-FAEA-345B-A557-BA0876F89AD4} = {258D78FF-FAEA-345B-A557-BA0876F89AD4}
		{B84E0C68-E5A3-3B53-AB92-D2A27AA8F91D} = {B84E0C68-E5A3-3B53-AB92-D2A27AA8F91D}
	EndProjectSection
EndProject
Project("{8BC9CEB8-8B4A-11D0-8D11-00A0C91BC942}") = "navscene-polygon-triangulation", "tests\navscene-polygon-triangulation.vcxproj", "{82CE27FB-A4E3-3FA9-96CE-F0709918595E}"
	ProjectSection(ProjectDependencies) = postProject
		{258D78FF-FAEA-345B-A557-BA0876F89AD4} = {258D78FF-FAEA-345B-A557-BA0876F89AD4}
		{B84E0C68-E5A3-3B53-AB92-D2A27AA8F91D} = {B84E0C68-E5A3-3B53-AB92-D2A27AA8F91D}
	EndProjectSection
EndProject
Project("{8BC9CEB8-8B4A-11D0-8D11-00A0C91BC942}") = "navscene-portrayal-catalog", "tests\navscene-portrayal-catalog.vcxproj", "{65CAF7A5-BA7D-3E3D-8BB5-F9A4359FBE3C}"
	ProjectSection(ProjectDependencies) = postProject
		{258D78FF-FAEA-345B-A557-BA0876F89AD4} = {258D78FF-FAEA-345B-A557-BA0876F89AD4}
		{B84E0C68-E5A3-3B53-AB92-D2A27AA8F91D} = {B84E0C68-E5A3-3B53-AB92-D2A27AA8F91D}
	EndProjectSection
EndProject
Project("{8BC9CEB8-8B4A-11D0-8D11-00A0C91BC942}") = "navscene-portrayal-mvp", "tests\navscene-portrayal-mvp.vcxproj", "{FF0FD46F-1255-318B-9401-3B24248A9231}"
	ProjectSection(ProjectDependencies) = postProject
		{258D78FF-FAEA-345B-A557-BA0876F89AD4} = {258D78FF-FAEA-345B-A557-BA0876F89AD4}
		{B84E0C68-E5A3-3B53-AB92-D2A27AA8F91D} = {B84E0C68-E5A3-3B53-AB92-D2A27AA8F91D}
	EndProjectSection
EndProject
Project("{8BC9CEB8-8B4A-11D0-8D11-00A0C91BC942}") = "navscene-projected-chart-scene", "tests\navscene-projected-chart-scene.vcxproj", "{B4E90C26-C4DA-33F0-B2AE-D34829175003}"
	ProjectSection(ProjectDependencies) = postProject
		{258D78FF-FAEA-345B-A557-BA0876F89AD4} = {258D78FF-FAEA-345B-A557-BA0876F89AD4}
		{B84E0C68-E5A3-3B53-AB92-D2A27AA8F91D} = {B84E0C68-E5A3-3B53-AB92-D2A27AA8F91D}
	EndProjectSection
EndProject
Project("{8BC9CEB8-8B4A-11D0-8D11-00A0C91BC942}") = "navscene-s57-feature-dump", "tests\navscene-s57-feature-dump.vcxproj", "{C0DADE31-9404-3F74-B0AD-62A7157405BB}"
	ProjectSection(ProjectDependencies) = postProject
		{258D78FF-FAEA-345B-A557-BA0876F89AD4} = {258D78FF-FAEA-345B-A557-BA0876F89AD4}
		{B84E0C68-E5A3-3B53-AB92-D2A27AA8F91D} = {B84E0C68-E5A3-3B53-AB92-D2A27AA8F91D}
	EndProjectSection
EndProject
Project("{8BC9CEB8-8B4A-11D0-8D11-00A0C91BC942}") = "navscene-s57-reference-render", "tests\navscene-s57-reference-render.vcxproj", "{66BCA88C-A50E-3AB2-AFEE-4FD68F9A364C}"
	ProjectSection(ProjectDependencies) = postProject
		{258D78FF-FAEA-345B-A557-BA0876F89AD4} = {258D78FF-FAEA-345B-A557-BA0876F89AD4}
		{B84E0C68-E5A3-3B53-AB92-D2A27AA8F91D} = {B84E0C68-E5A3-3B53-AB92-D2A27AA8F91D}
	EndProjectSection
EndProject
Project("{8BC9CEB8-8B4A-11D0-8D11-00A0C91BC942}") = "navscene-s57-samples", "tests\navscene-s57-samples.vcxproj", "{5234BA08-B360-31D1-BA8C-0B1B12ABF9FA}"
	ProjectSection(ProjectDependencies) = postProject
		{258D78FF-FAEA-345B-A557-BA0876F89AD4} = {258D78FF-FAEA-345B-A557-BA0876F89AD4}
		{B84E0C68-E5A3-3B53-AB92-D2A27AA8F91D} = {B84E0C68-E5A3-3B53-AB92-D2A27AA8F91D}
	EndProjectSection
EndProject
Project("{8BC9CEB8-8B4A-11D0-8D11-00A0C91BC942}") = "navscene-scene-signature", "tests\navscene-scene-signature.vcxproj", "{9D6ED139-0135-3ED4-AC8F-7DFA5428D2AF}"
	ProjectSection(ProjectDependencies) = postProject
		{258D78FF-FAEA-345B-A557-BA0876F89AD4} = {258D78FF-FAEA-345B-A557-BA0876F89AD4}
		{B84E0C68-E5A3-3B53-AB92-D2A27AA8F91D} = {B84E0C68-E5A3-3B53-AB92-D2A27AA8F91D}
	EndProjectSection
EndProject
Project("{8BC9CEB8-8B4A-11D0-8D11-00A0C91BC942}") = "navscene-scene-svg", "tests\navscene-scene-svg.vcxproj", "{EF2ADD2A-3EBF-350D-97BF-562AC8AD51D9}"
	ProjectSection(ProjectDependencies) = postProject
		{258D78FF-FAEA-345B-A557-BA0876F89AD4} = {258D78FF-FAEA-345B-A557-BA0876F89AD4}
		{B84E0C68-E5A3-3B53-AB92-D2A27AA8F91D} = {B84E0C68-E5A3-3B53-AB92-D2A27AA8F91D}
	EndProjectSection
EndProject
Project("{8BC9CEB8-8B4A-11D0-8D11-00A0C91BC942}") = "navscene-smoke", "tests\navscene-smoke.vcxproj", "{B02E255E-79D1-3995-AA46-DB9644BAAB5D}"
	ProjectSection(ProjectDependencies) = postProject
		{258D78FF-FAEA-345B-A557-BA0876F89AD4} = {258D78FF-FAEA-345B-A557-BA0876F89AD4}
		{B84E0C68-E5A3-3B53-AB92-D2A27AA8F91D} = {B84E0C68-E5A3-3B53-AB92-D2A27AA8F91D}
	EndProjectSection
EndProject
Project("{8BC9CEB8-8B4A-11D0-8D11-00A0C91BC942}") = "navscene-vulkan-shaders", "src\navscene-vulkan-shaders.vcxproj", "{14C236ED-7C31-36DA-8100-61ED01170500}"
	ProjectSection(ProjectDependencies) = postProject
		{258D78FF-FAEA-345B-A557-BA0876F89AD4} = {258D78FF-FAEA-345B-A557-BA0876F89AD4}
	EndProjectSection
EndProject
Project("{8BC9CEB8-8B4A-11D0-8D11-00A0C91BC942}") = "navscene-vulkan-win32-render-modes", "tests\navscene-vulkan-win32-render-modes.vcxproj", "{089F7EF5-67AD-3150-BB42-65CBD696AB3C}"
	ProjectSection(ProjectDependencies) = postProject
		{258D78FF-FAEA-345B-A557-BA0876F89AD4} = {258D78FF-FAEA-345B-A557-BA0876F89AD4}
		{B84E0C68-E5A3-3B53-AB92-D2A27AA8F91D} = {B84E0C68-E5A3-3B53-AB92-D2A27AA8F91D}
	EndProjectSection
EndProject
Global
	GlobalSection(SolutionConfigurationPlatforms) = preSolution
		Debug|x64 = Debug|x64
		Release|x64 = Release|x64
		MinSizeRel|x64 = MinSizeRel|x64
		RelWithDebInfo|x64 = RelWithDebInfo|x64
	EndGlobalSection
	GlobalSection(ProjectConfigurationPlatforms) = postSolution
		{1A5B792C-5051-3631-B774-34CEF4355118}.Debug|x64.ActiveCfg = Debug|x64
		{1A5B792C-5051-3631-B774-34CEF4355118}.Release|x64.ActiveCfg = Release|x64
		{1A5B792C-5051-3631-B774-34CEF4355118}.MinSizeRel|x64.ActiveCfg = MinSizeRel|x64
		{1A5B792C-5051-3631-B774-34CEF4355118}.RelWithDebInfo|x64.ActiveCfg = RelWithDebInfo|x64
		{8F8AE7B0-665B-3AEB-B242-E1DA6AA15DC7}.Debug|x64.ActiveCfg = Debug|x64
		{8F8AE7B0-665B-3AEB-B242-E1DA6AA15DC7}.Release|x64.ActiveCfg = Release|x64
		{8F8AE7B0-665B-3AEB-B242-E1DA6AA15DC7}.MinSizeRel|x64.ActiveCfg = MinSizeRel|x64
		{8F8AE7B0-665B-3AEB-B242-E1DA6AA15DC7}.RelWithDebInfo|x64.ActiveCfg = RelWithDebInfo|x64
		{8492251B-E8C3-3DC5-9183-5F287123EC0F}.Debug|x64.ActiveCfg = Debug|x64
		{8492251B-E8C3-3DC5-9183-5F287123EC0F}.Release|x64.ActiveCfg = Release|x64
		{8492251B-E8C3-3DC5-9183-5F287123EC0F}.MinSizeRel|x64.ActiveCfg = MinSizeRel|x64
		{8492251B-E8C3-3DC5-9183-5F287123EC0F}.RelWithDebInfo|x64.ActiveCfg = RelWithDebInfo|x64
		{31ECE8A7-C7C0-3EED-B7E7-594D796EBDAF}.Debug|x64.ActiveCfg = Debug|x64
		{31ECE8A7-C7C0-3EED-B7E7-594D796EBDAF}.Release|x64.ActiveCfg = Release|x64
		{31ECE8A7-C7C0-3EED-B7E7-594D796EBDAF}.MinSizeRel|x64.ActiveCfg = MinSizeRel|x64
		{31ECE8A7-C7C0-3EED-B7E7-594D796EBDAF}.RelWithDebInfo|x64.ActiveCfg = RelWithDebInfo|x64
		{A1975A51-B1E9-3ED8-9F0C-9BA7F1865A4D}.Debug|x64.ActiveCfg = Debug|x64
		{A1975A51-B1E9-3ED8-9F0C-9BA7F1865A4D}.Release|x64.ActiveCfg = Release|x64
		{A1975A51-B1E9-3ED8-9F0C-9BA7F1865A4D}.MinSizeRel|x64.ActiveCfg = MinSizeRel|x64
		{A1975A51-B1E9-3ED8-9F0C-9BA7F1865A4D}.RelWithDebInfo|x64.ActiveCfg = RelWithDebInfo|x64
		{07834A9D-1EF8-3B9B-899D-C1FF5FE3179B}.Debug|x64.ActiveCfg = Debug|x64
		{07834A9D-1EF8-3B9B-899D-C1FF5FE3179B}.Release|x64.ActiveCfg = Release|x64
		{07834A9D-1EF8-3B9B-899D-C1FF5FE3179B}.MinSizeRel|x64.ActiveCfg = MinSizeRel|x64
		{07834A9D-1EF8-3B9B-899D-C1FF5FE3179B}.RelWithDebInfo|x64.ActiveCfg = RelWithDebInfo|x64
		{258D78FF-FAEA-345B-A557-BA0876F89AD4}.Debug|x64.ActiveCfg = Debug|x64
		{258D78FF-FAEA-345B-A557-BA0876F89AD4}.Debug|x64.Build.0 = Debug|x64
		{258D78FF-FAEA-345B-A557-BA0876F89AD4}.Release|x64.ActiveCfg = Release|x64
		{258D78FF-FAEA-345B-A557-BA0876F89AD4}.Release|x64.Build.0 = Release|x64
		{258D78FF-FAEA-345B-A557-BA0876F89AD4}.MinSizeRel|x64.ActiveCfg = MinSizeRel|x64
		{258D78FF-FAEA-345B-A557-BA0876F89AD4}.MinSizeRel|x64.Build.0 = MinSizeRel|x64
		{258D78FF-FAEA-345B-A557-BA0876F89AD4}.RelWithDebInfo|x64.ActiveCfg = RelWithDebInfo|x64
		{258D78FF-FAEA-345B-A557-BA0876F89AD4}.RelWithDebInfo|x64.Build.0 = RelWithDebInfo|x64
		{B84E0C68-E5A3-3B53-AB92-D2A27AA8F91D}.Debug|x64.ActiveCfg = Debug|x64
		{B84E0C68-E5A3-3B53-AB92-D2A27AA8F91D}.Debug|x64.Build.0 = Debug|x64
		{B84E0C68-E5A3-3B53-AB92-D2A27AA8F91D}.Release|x64.ActiveCfg = Release|x64
		{B84E0C68-E5A3-3B53-AB92-D2A27AA8F91D}.Release|x64.Build.0 = Release|x64
		{B84E0C68-E5A3-3B53-AB92-D2A27AA8F91D}.MinSizeRel|x64.ActiveCfg = MinSizeRel|x64
		{B84E0C68-E5A3-3B53-AB92-D2A27AA8F91D}.MinSizeRel|x64.Build.0 = MinSizeRel|x64
		{B84E0C68-E5A3-3B53-AB92-D2A27AA8F91D}.RelWithDebInfo|x64.ActiveCfg = RelWithDebInfo|x64
		{B84E0C68-E5A3-3B53-AB92-D2A27AA8F91D}.RelWithDebInfo|x64.Build.0 = RelWithDebInfo|x64
		{2433BEC6-1D0C-35D5-B786-46B7C91CB5C8}.Debug|x64.ActiveCfg = Debug|x64
		{2433BEC6-1D0C-35D5-B786-46B7C91CB5C8}.Debug|x64.Build.0 = Debug|x64
		{2433BEC6-1D0C-35D5-B786-46B7C91CB5C8}.Release|x64.ActiveCfg = Release|x64
		{2433BEC6-1D0C-35D5-B786-46B7C91CB5C8}.Release|x64.Build.0 = Release|x64
		{2433BEC6-1D0C-35D5-B786-46B7C91CB5C8}.MinSizeRel|x64.ActiveCfg = MinSizeRel|x64
		{2433BEC6-1D0C-35D5-B786-46B7C91CB5C8}.MinSizeRel|x64.Build.0 = MinSizeRel|x64
		{2433BEC6-1D0C-35D5-B786-46B7C91CB5C8}.RelWithDebInfo|x64.ActiveCfg = RelWithDebInfo|x64
		{2433BEC6-1D0C-35D5-B786-46B7C91CB5C8}.RelWithDebInfo|x64.Build.0 = RelWithDebInfo|x64
		{2A22BF50-500A-31AF-8DF4-EDE7AE5AF9F1}.Debug|x64.ActiveCfg = Debug|x64
		{2A22BF50-500A-31AF-8DF4-EDE7AE5AF9F1}.Debug|x64.Build.0 = Debug|x64
		{2A22BF50-500A-31AF-8DF4-EDE7AE5AF9F1}.Release|x64.ActiveCfg = Release|x64
		{2A22BF50-500A-31AF-8DF4-EDE7AE5AF9F1}.Release|x64.Build.0 = Release|x64
		{2A22BF50-500A-31AF-8DF4-EDE7AE5AF9F1}.MinSizeRel|x64.ActiveCfg = MinSizeRel|x64
		{2A22BF50-500A-31AF-8DF4-EDE7AE5AF9F1}.MinSizeRel|x64.Build.0 = MinSizeRel|x64
		{2A22BF50-500A-31AF-8DF4-EDE7AE5AF9F1}.RelWithDebInfo|x64.ActiveCfg = RelWithDebInfo|x64
		{2A22BF50-500A-31AF-8DF4-EDE7AE5AF9F1}.RelWithDebInfo|x64.Build.0 = RelWithDebInfo|x64
		{4FFBCBE4-DF81-3F6B-B358-DDB907DA9349}.Debug|x64.ActiveCfg = Debug|x64
		{4FFBCBE4-DF81-3F6B-B358-DDB907DA9349}.Debug|x64.Build.0 = Debug|x64
		{4FFBCBE4-DF81-3F6B-B358-DDB907DA9349}.Release|x64.ActiveCfg = Release|x64
		{4FFBCBE4-DF81-3F6B-B358-DDB907DA9349}.Release|x64.Build.0 = Release|x64
		{4FFBCBE4-DF81-3F6B-B358-DDB907DA9349}.MinSizeRel|x64.ActiveCfg = MinSizeRel|x64
		{4FFBCBE4-DF81-3F6B-B358-DDB907DA9349}.MinSizeRel|x64.Build.0 = MinSizeRel|x64
		{4FFBCBE4-DF81-3F6B-B358-DDB907DA9349}.RelWithDebInfo|x64.ActiveCfg = RelWithDebInfo|x64
		{4FFBCBE4-DF81-3F6B-B358-DDB907DA9349}.RelWithDebInfo|x64.Build.0 = RelWithDebInfo|x64
		{A03B969A-C20F-3DAB-8DA6-C7837C49441F}.Debug|x64.ActiveCfg = Debug|x64
		{A03B969A-C20F-3DAB-8DA6-C7837C49441F}.Debug|x64.Build.0 = Debug|x64
		{A03B969A-C20F-3DAB-8DA6-C7837C49441F}.Release|x64.ActiveCfg = Release|x64
		{A03B969A-C20F-3DAB-8DA6-C7837C49441F}.Release|x64.Build.0 = Release|x64
		{A03B969A-C20F-3DAB-8DA6-C7837C49441F}.MinSizeRel|x64.ActiveCfg = MinSizeRel|x64
		{A03B969A-C20F-3DAB-8DA6-C7837C49441F}.MinSizeRel|x64.Build.0 = MinSizeRel|x64
		{A03B969A-C20F-3DAB-8DA6-C7837C49441F}.RelWithDebInfo|x64.ActiveCfg = RelWithDebInfo|x64
		{A03B969A-C20F-3DAB-8DA6-C7837C49441F}.RelWithDebInfo|x64.Build.0 = RelWithDebInfo|x64
		{4473FEA6-DCC3-345E-A87A-583664733CB3}.Debug|x64.ActiveCfg = Debug|x64
		{4473FEA6-DCC3-345E-A87A-583664733CB3}.Debug|x64.Build.0 = Debug|x64
		{4473FEA6-DCC3-345E-A87A-583664733CB3}.Release|x64.ActiveCfg = Release|x64
		{4473FEA6-DCC3-345E-A87A-583664733CB3}.Release|x64.Build.0 = Release|x64
		{4473FEA6-DCC3-345E-A87A-583664733CB3}.MinSizeRel|x64.ActiveCfg = MinSizeRel|x64
		{4473FEA6-DCC3-345E-A87A-583664733CB3}.MinSizeRel|x64.Build.0 = MinSizeRel|x64
		{4473FEA6-DCC3-345E-A87A-583664733CB3}.RelWithDebInfo|x64.ActiveCfg = RelWithDebInfo|x64
		{4473FEA6-DCC3-345E-A87A-583664733CB3}.RelWithDebInfo|x64.Build.0 = RelWithDebInfo|x64
		{822A9308-4EC7-3E7B-95DA-398C6C01899A}.Debug|x64.ActiveCfg = Debug|x64
		{822A9308-4EC7-3E7B-95DA-398C6C01899A}.Debug|x64.Build.0 = Debug|x64
		{822A9308-4EC7-3E7B-95DA-398C6C01899A}.Release|x64.ActiveCfg = Release|x64
		{822A9308-4EC7-3E7B-95DA-398C6C01899A}.Release|x64.Build.0 = Release|x64
		{822A9308-4EC7-3E7B-95DA-398C6C01899A}.MinSizeRel|x64.ActiveCfg = MinSizeRel|x64
		{822A9308-4EC7-3E7B-95DA-398C6C01899A}.MinSizeRel|x64.Build.0 = MinSizeRel|x64
		{822A9308-4EC7-3E7B-95DA-398C6C01899A}.RelWithDebInfo|x64.ActiveCfg = RelWithDebInfo|x64
		{822A9308-4EC7-3E7B-95DA-398C6C01899A}.RelWithDebInfo|x64.Build.0 = RelWithDebInfo|x64
		{82CE27FB-A4E3-3FA9-96CE-F0709918595E}.Debug|x64.ActiveCfg = Debug|x64
		{82CE27FB-A4E3-3FA9-96CE-F0709918595E}.Debug|x64.Build.0 = Debug|x64
		{82CE27FB-A4E3-3FA9-96CE-F0709918595E}.Release|x64.ActiveCfg = Release|x64
		{82CE27FB-A4E3-3FA9-96CE-F0709918595E}.Release|x64.Build.0 = Release|x64
		{82CE27FB-A4E3-3FA9-96CE-F0709918595E}.MinSizeRel|x64.ActiveCfg = MinSizeRel|x64
		{82CE27FB-A4E3-3FA9-96CE-F0709918595E}.MinSizeRel|x64.Build.0 = MinSizeRel|x64
		{82CE27FB-A4E3-3FA9-96CE-F0709918595E}.RelWithDebInfo|x64.ActiveCfg = RelWithDebInfo|x64
		{82CE27FB-A4E3-3FA9-96CE-F0709918595E}.RelWithDebInfo|x64.Build.0 = RelWithDebInfo|x64
		{65CAF7A5-BA7D-3E3D-8BB5-F9A4359FBE3C}.Debug|x64.ActiveCfg = Debug|x64
		{65CAF7A5-BA7D-3E3D-8BB5-F9A4359FBE3C}.Debug|x64.Build.0 = Debug|x64
		{65CAF7A5-BA7D-3E3D-8BB5-F9A4359FBE3C}.Release|x64.ActiveCfg = Release|x64
		{65CAF7A5-BA7D-3E3D-8BB5-F9A4359FBE3C}.Release|x64.Build.0 = Release|x64
		{65CAF7A5-BA7D-3E3D-8BB5-F9A4359FBE3C}.MinSizeRel|x64.ActiveCfg = MinSizeRel|x64
		{65CAF7A5-BA7D-3E3D-8BB5-F9A4359FBE3C}.MinSizeRel|x64.Build.0 = MinSizeRel|x64
		{65CAF7A5-BA7D-3E3D-8BB5-F9A4359FBE3C}.RelWithDebInfo|x64.ActiveCfg = RelWithDebInfo|x64
		{65CAF7A5-BA7D-3E3D-8BB5-F9A4359FBE3C}.RelWithDebInfo|x64.Build.0 = RelWithDebInfo|x64
		{FF0FD46F-1255-318B-9401-3B24248A9231}.Debug|x64.ActiveCfg = Debug|x64
		{FF0FD46F-1255-318B-9401-3B24248A9231}.Debug|x64.Build.0 = Debug|x64
		{FF0FD46F-1255-318B-9401-3B24248A9231}.Release|x64.ActiveCfg = Release|x64
		{FF0FD46F-1255-318B-9401-3B24248A9231}.Release|x64.Build.0 = Release|x64
		{FF0FD46F-1255-318B-9401-3B24248A9231}.MinSizeRel|x64.ActiveCfg = MinSizeRel|x64
		{FF0FD46F-1255-318B-9401-3B24248A9231}.MinSizeRel|x64.Build.0 = MinSizeRel|x64
		{FF0FD46F-1255-318B-9401-3B24248A9231}.RelWithDebInfo|x64.ActiveCfg = RelWithDebInfo|x64
		{FF0FD46F-1255-318B-9401-3B24248A9231}.RelWithDebInfo|x64.Build.0 = RelWithDebInfo|x64
		{B4E90C26-C4DA-33F0-B2AE-D34829175003}.Debug|x64.ActiveCfg = Debug|x64
		{B4E90C26-C4DA-33F0-B2AE-D34829175003}.Debug|x64.Build.0 = Debug|x64
		{B4E90C26-C4DA-33F0-B2AE-D34829175003}.Release|x64.ActiveCfg = Release|x64
		{B4E90C26-C4DA-33F0-B2AE-D34829175003}.Release|x64.Build.0 = Release|x64
		{B4E90C26-C4DA-33F0-B2AE-D34829175003}.MinSizeRel|x64.ActiveCfg = MinSizeRel|x64
		{B4E90C26-C4DA-33F0-B2AE-D34829175003}.MinSizeRel|x64.Build.0 = MinSizeRel|x64
		{B4E90C26-C4DA-33F0-B2AE-D34829175003}.RelWithDebInfo|x64.ActiveCfg = RelWithDebInfo|x64
		{B4E90C26-C4DA-33F0-B2AE-D34829175003}.RelWithDebInfo|x64.Build.0 = RelWithDebInfo|x64
		{C0DADE31-9404-3F74-B0AD-62A7157405BB}.Debug|x64.ActiveCfg = Debug|x64
		{C0DADE31-9404-3F74-B0AD-62A7157405BB}.Debug|x64.Build.0 = Debug|x64
		{C0DADE31-9404-3F74-B0AD-62A7157405BB}.Release|x64.ActiveCfg = Release|x64
		{C0DADE31-9404-3F74-B0AD-62A7157405BB}.Release|x64.Build.0 = Release|x64
		{C0DADE31-9404-3F74-B0AD-62A7157405BB}.MinSizeRel|x64.ActiveCfg = MinSizeRel|x64
		{C0DADE31-9404-3F74-B0AD-62A7157405BB}.MinSizeRel|x64.Build.0 = MinSizeRel|x64
		{C0DADE31-9404-3F74-B0AD-62A7157405BB}.RelWithDebInfo|x64.ActiveCfg = RelWithDebInfo|x64
		{C0DADE31-9404-3F74-B0AD-62A7157405BB}.RelWithDebInfo|x64.Build.0 = RelWithDebInfo|x64
		{66BCA88C-A50E-3AB2-AFEE-4FD68F9A364C}.Debug|x64.ActiveCfg = Debug|x64
		{66BCA88C-A50E-3AB2-AFEE-4FD68F9A364C}.Debug|x64.Build.0 = Debug|x64
		{66BCA88C-A50E-3AB2-AFEE-4FD68F9A364C}.Release|x64.ActiveCfg = Release|x64
		{66BCA88C-A50E-3AB2-AFEE-4FD68F9A364C}.Release|x64.Build.0 = Release|x64
		{66BCA88C-A50E-3AB2-AFEE-4FD68F9A364C}.MinSizeRel|x64.ActiveCfg = MinSizeRel|x64
		{66BCA88C-A50E-3AB2-AFEE-4FD68F9A364C}.MinSizeRel|x64.Build.0 = MinSizeRel|x64
		{66BCA88C-A50E-3AB2-AFEE-4FD68F9A364C}.RelWithDebInfo|x64.ActiveCfg = RelWithDebInfo|x64
		{66BCA88C-A50E-3AB2-AFEE-4FD68F9A364C}.RelWithDebInfo|x64.Build.0 = RelWithDebInfo|x64
		{5234BA08-B360-31D1-BA8C-0B1B12ABF9FA}.Debug|x64.ActiveCfg = Debug|x64
		{5234BA08-B360-31D1-BA8C-0B1B12ABF9FA}.Debug|x64.Build.0 = Debug|x64
		{5234BA08-B360-31D1-BA8C-0B1B12ABF9FA}.Release|x64.ActiveCfg = Release|x64
		{5234BA08-B360-31D1-BA8C-0B1B12ABF9FA}.Release|x64.Build.0 = Release|x64
		{5234BA08-B360-31D1-BA8C-0B1B12ABF9FA}.MinSizeRel|x64.ActiveCfg = MinSizeRel|x64
		{5234BA08-B360-31D1-BA8C-0B1B12ABF9FA}.MinSizeRel|x64.Build.0 = MinSizeRel|x64
		{5234BA08-B360-31D1-BA8C-0B1B12ABF9FA}.RelWithDebInfo|x64.ActiveCfg = RelWithDebInfo|x64
		{5234BA08-B360-31D1-BA8C-0B1B12ABF9FA}.RelWithDebInfo|x64.Build.0 = RelWithDebInfo|x64
		{9D6ED139-0135-3ED4-AC8F-7DFA5428D2AF}.Debug|x64.ActiveCfg = Debug|x64
		{9D6ED139-0135-3ED4-AC8F-7DFA5428D2AF}.Debug|x64.Build.0 = Debug|x64
		{9D6ED139-0135-3ED4-AC8F-7DFA5428D2AF}.Release|x64.ActiveCfg = Release|x64
		{9D6ED139-0135-3ED4-AC8F-7DFA5428D2AF}.Release|x64.Build.0 = Release|x64
		{9D6ED139-0135-3ED4-AC8F-7DFA5428D2AF}.MinSizeRel|x64.ActiveCfg = MinSizeRel|x64
		{9D6ED139-0135-3ED4-AC8F-7DFA5428D2AF}.MinSizeRel|x64.Build.0 = MinSizeRel|x64
		{9D6ED139-0135-3ED4-AC8F-7DFA5428D2AF}.RelWithDebInfo|x64.ActiveCfg = RelWithDebInfo|x64
		{9D6ED139-0135-3ED4-AC8F-7DFA5428D2AF}.RelWithDebInfo|x64.Build.0 = RelWithDebInfo|x64
		{EF2ADD2A-3EBF-350D-97BF-562AC8AD51D9}.Debug|x64.ActiveCfg = Debug|x64
		{EF2ADD2A-3EBF-350D-97BF-562AC8AD51D9}.Debug|x64.Build.0 = Debug|x64
		{EF2ADD2A-3EBF-350D-97BF-562AC8AD51D9}.Release|x64.ActiveCfg = Release|x64
		{EF2ADD2A-3EBF-350D-97BF-562AC8AD51D9}.Release|x64.Build.0 = Release|x64
		{EF2ADD2A-3EBF-350D-97BF-562AC8AD51D9}.MinSizeRel|x64.ActiveCfg = MinSizeRel|x64
		{EF2ADD2A-3EBF-350D-97BF-562AC8AD51D9}.MinSizeRel|x64.Build.0 = MinSizeRel|x64
		{EF2ADD2A-3EBF-350D-97BF-562AC8AD51D9}.RelWithDebInfo|x64.ActiveCfg = RelWithDebInfo|x64
		{EF2ADD2A-3EBF-350D-97BF-562AC8AD51D9}.RelWithDebInfo|x64.Build.0 = RelWithDebInfo|x64
		{B02E255E-79D1-3995-AA46-DB9644BAAB5D}.Debug|x64.ActiveCfg = Debug|x64
		{B02E255E-79D1-3995-AA46-DB9644BAAB5D}.Debug|x64.Build.0 = Debug|x64
		{B02E255E-79D1-3995-AA46-DB9644BAAB5D}.Release|x64.ActiveCfg = Release|x64
		{B02E255E-79D1-3995-AA46-DB9644BAAB5D}.Release|x64.Build.0 = Release|x64
		{B02E255E-79D1-3995-AA46-DB9644BAAB5D}.MinSizeRel|x64.ActiveCfg = MinSizeRel|x64
		{B02E255E-79D1-3995-AA46-DB9644BAAB5D}.MinSizeRel|x64.Build.0 = MinSizeRel|x64
		{B02E255E-79D1-3995-AA46-DB9644BAAB5D}.RelWithDebInfo|x64.ActiveCfg = RelWithDebInfo|x64
		{B02E255E-79D1-3995-AA46-DB9644BAAB5D}.RelWithDebInfo|x64.Build.0 = RelWithDebInfo|x64
		{14C236ED-7C31-36DA-8100-61ED01170500}.Debug|x64.ActiveCfg = Debug|x64
		{14C236ED-7C31-36DA-8100-61ED01170500}.Debug|x64.Build.0 = Debug|x64
		{14C236ED-7C31-36DA-8100-61ED01170500}.Release|x64.ActiveCfg = Release|x64
		{14C236ED-7C31-36DA-8100-61ED01170500}.Release|x64.Build.0 = Release|x64
		{14C236ED-7C31-36DA-8100-61ED01170500}.MinSizeRel|x64.ActiveCfg = MinSizeRel|x64
		{14C236ED-7C31-36DA-8100-61ED01170500}.MinSizeRel|x64.Build.0 = MinSizeRel|x64
		{14C236ED-7C31-36DA-8100-61ED01170500}.RelWithDebInfo|x64.ActiveCfg = RelWithDebInfo|x64
		{14C236ED-7C31-36DA-8100-61ED01170500}.RelWithDebInfo|x64.Build.0 = RelWithDebInfo|x64
		{089F7EF5-67AD-3150-BB42-65CBD696AB3C}.Debug|x64.ActiveCfg = Debug|x64
		{089F7EF5-67AD-3150-BB42-65CBD696AB3C}.Debug|x64.Build.0 = Debug|x64
		{089F7EF5-67AD-3150-BB42-65CBD696AB3C}.Release|x64.ActiveCfg = Release|x64
		{089F7EF5-67AD-3150-BB42-65CBD696AB3C}.Release|x64.Build.0 = Release|x64
		{089F7EF5-67AD-3150-BB42-65CBD696AB3C}.MinSizeRel|x64.ActiveCfg = MinSizeRel|x64
		{089F7EF5-67AD-3150-BB42-65CBD696AB3C}.MinSizeRel|x64.Build.0 = MinSizeRel|x64
		{089F7EF5-67AD-3150-BB42-65CBD696AB3C}.RelWithDebInfo|x64.ActiveCfg = RelWithDebInfo|x64
		{089F7EF5-67AD-3150-BB42-65CBD696AB3C}.RelWithDebInfo|x64.Build.0 = RelWithDebInfo|x64
	EndGlobalSection
	GlobalSection(NestedProjects) = preSolution
		{1A5B792C-5051-3631-B774-34CEF4355118} = {A6A40FFF-517F-3043-BB76-4274FA7EC322}
		{07834A9D-1EF8-3B9B-899D-C1FF5FE3179B} = {A6A40FFF-517F-3043-BB76-4274FA7EC322}
		{258D78FF-FAEA-345B-A557-BA0876F89AD4} = {A6A40FFF-517F-3043-BB76-4274FA7EC322}
		{8F8AE7B0-665B-3AEB-B242-E1DA6AA15DC7} = {5C1A2AD2-7521-3F8A-99EB-6EB417A03432}
		{8492251B-E8C3-3DC5-9183-5F287123EC0F} = {5C1A2AD2-7521-3F8A-99EB-6EB417A03432}
		{31ECE8A7-C7C0-3EED-B7E7-594D796EBDAF} = {5C1A2AD2-7521-3F8A-99EB-6EB417A03432}
		{A1975A51-B1E9-3ED8-9F0C-9BA7F1865A4D} = {5C1A2AD2-7521-3F8A-99EB-6EB417A03432}
	EndGlobalSection
	GlobalSection(ExtensibilityGlobals) = postSolution
		SolutionGuid = {EC9E5AAA-F5D4-3A10-93BF-9D32426628E5}
	EndGlobalSection
	GlobalSection(ExtensibilityAddIns) = postSolution
	EndGlobalSection
EndGlobal
