<?xml version="1.0" encoding="utf-8"?>
<Project ToolsVersion="17.0" xmlns="http://schemas.microsoft.com/developer/msbuild/2003">
  <ItemGroup>
    <CustomBuild Include="E:\projects\enc\navscene-sdk\build-gdal-verify\CMakeFiles\99f7696c0e546be5c002331650284bb4\fullscreen_texture.frag.spv.rule">
      <Filter>CMake Rules</Filter>
    </CustomBuild>
    <CustomBuild Include="E:\projects\enc\navscene-sdk\build-gdal-verify\CMakeFiles\99f7696c0e546be5c002331650284bb4\fullscreen_texture.vert.spv.rule">
      <Filter>CMake Rules</Filter>
    </CustomBuild>
    <CustomBuild Include="E:\projects\enc\navscene-sdk\build-gdal-verify\CMakeFiles\99f7696c0e546be5c002331650284bb4\point_color.frag.spv.rule">
      <Filter>CMake Rules</Filter>
    </CustomBuild>
    <CustomBuild Include="E:\projects\enc\navscene-sdk\build-gdal-verify\CMakeFiles\99f7696c0e546be5c002331650284bb4\point_color.vert.spv.rule">
      <Filter>CMake Rules</Filter>
    </CustomBuild>
    <CustomBuild Include="E:\projects\enc\navscene-sdk\build-gdal-verify\CMakeFiles\99f7696c0e546be5c002331650284bb4\solid_color.frag.spv.rule">
      <Filter>CMake Rules</Filter>
    </CustomBuild>
    <CustomBuild Include="E:\projects\enc\navscene-sdk\build-gdal-verify\CMakeFiles\99f7696c0e546be5c002331650284bb4\solid_color.vert.spv.rule">
      <Filter>CMake Rules</Filter>
    </CustomBuild>
    <CustomBuild Include="E:\projects\enc\navscene-sdk\build-gdal-verify\CMakeFiles\f3b7a450b40168928e747f580a78d047\navscene-vulkan-shaders.rule">
      <Filter>CMake Rules</Filter>
    </CustomBuild>
    <CustomBuild Include="E:\projects\enc\navscene-sdk\src\CMakeLists.txt" />
  </ItemGroup>
  <ItemGroup>
    <None Include="E:\projects\enc\navscene-sdk\build-gdal-verify\src\CMakeFiles\navscene-vulkan-shaders" />
  </ItemGroup>
  <ItemGroup>
    <Filter Include="CMake Rules">
      <UniqueIdentifier>{B995A6EE-EEC7-3F90-85D0-91FA5F69B825}</UniqueIdentifier>
    </Filter>
  </ItemGroup>
</Project>
