<?xml version="1.0" encoding="utf-8"?>
<Project ToolsVersion="17.0" xmlns="http://schemas.microsoft.com/developer/msbuild/2003">
  <ItemGroup>
    <ClCompile Include="E:\projects\enc\navscene-sdk\demo\qt\main.cpp">
      <Filter>Source Files</Filter>
    </ClCompile>
    <ClCompile Include="E:\projects\enc\navscene-sdk\demo\qt\main_window.cpp">
      <Filter>Source Files</Filter>
    </ClCompile>
    <ClCompile Include="E:\projects\enc\navscene-sdk\demo\qt\render_widget.cpp">
      <Filter>Source Files</Filter>
    </ClCompile>
  </ItemGroup>
  <ItemGroup>
    <ClInclude Include="E:\projects\enc\navscene-sdk\demo\qt\main_window.h">
      <Filter>Header Files</Filter>
    </ClInclude>
    <ClInclude Include="E:\projects\enc\navscene-sdk\demo\qt\render_widget.h">
      <Filter>Header Files</Filter>
    </ClInclude>
  </ItemGroup>
  <ItemGroup>
    <CustomBuild Include="E:\projects\enc\navscene-sdk\demo\qt\CMakeLists.txt" />
  </ItemGroup>
  <ItemGroup>
    <Filter Include="Header Files">
      <UniqueIdentifier>{CD0E6491-6E11-39CB-863B-45F58AA61735}</UniqueIdentifier>
    </Filter>
    <Filter Include="Source Files">
      <UniqueIdentifier>{CE411D30-60DB-3869-9A59-B969815EC100}</UniqueIdentifier>
    </Filter>
  </ItemGroup>
</Project>
