<?xml version="1.0" encoding="utf-8"?>
<Project ToolsVersion="17.0" xmlns="http://schemas.microsoft.com/developer/msbuild/2003">
  <ItemGroup>
    <ClCompile Include="E:\projects\enc\navscene-sdk\src\core\engine.cpp">
      <Filter>Source Files</Filter>
    </ClCompile>
    <ClCompile Include="E:\projects\enc\navscene-sdk\src\core\logging.cpp">
      <Filter>Source Files</Filter>
    </ClCompile>
    <ClCompile Include="E:\projects\enc\navscene-sdk\src\data\discovery.cpp">
      <Filter>Source Files</Filter>
    </ClCompile>
    <ClCompile Include="E:\projects\enc\navscene-sdk\src\data\s57\reader.cpp">
      <Filter>Source Files</Filter>
    </ClCompile>
    <ClCompile Include="E:\projects\enc\navscene-sdk\src\data\s57\null_reader.cpp">
      <Filter>Source Files</Filter>
    </ClCompile>
    <ClCompile Include="E:\projects\enc\navscene-sdk\src\render\backend.cpp">
      <Filter>Source Files</Filter>
    </ClCompile>
    <ClCompile Include="E:\projects\enc\navscene-sdk\src\render\chart_scene_builder.cpp">
      <Filter>Source Files</Filter>
    </ClCompile>
    <ClCompile Include="E:\projects\enc\navscene-sdk\src\render\portrayal.cpp">
      <Filter>Source Files</Filter>
    </ClCompile>
    <ClCompile Include="E:\projects\enc\navscene-sdk\src\render\scene_signature.cpp">
      <Filter>Source Files</Filter>
    </ClCompile>
    <ClCompile Include="E:\projects\enc\navscene-sdk\src\render\scene_svg_export.cpp">
      <Filter>Source Files</Filter>
    </ClCompile>
    <ClCompile Include="E:\projects\enc\navscene-sdk\src\render\win32_gdi_presenter.cpp">
      <Filter>Source Files</Filter>
    </ClCompile>
    <ClCompile Include="E:\projects\enc\navscene-sdk\src\data\s57\gdal_reader.cpp">
      <Filter>Source Files</Filter>
    </ClCompile>
    <ClCompile Include="E:\projects\enc\navscene-sdk\src\data\s57\object_class_catalog.cpp">
      <Filter>Source Files</Filter>
    </ClCompile>
  </ItemGroup>
  <ItemGroup>
    <CustomBuild Include="E:\projects\enc\navscene-sdk\src\CMakeLists.txt" />
  </ItemGroup>
  <ItemGroup>
    <Filter Include="Source Files">
      <UniqueIdentifier>{D04D4BED-0AAA-330E-8A8B-B477ADCC1A5A}</UniqueIdentifier>
    </Filter>
  </ItemGroup>
</Project>
