<?xml version="1.0" encoding="utf-8"?>
<Project ToolsVersion="17.0" xmlns="http://schemas.microsoft.com/developer/msbuild/2003">
  <ItemGroup>
    <ClCompile Include="E:\projects\enc\navscene-sdk\tests\engine_smoke.cpp">
      <Filter>Source Files</Filter>
    </ClCompile>
  </ItemGroup>
  <ItemGroup>
    <CustomBuild Include="E:\projects\enc\navscene-sdk\tests\CMakeLists.txt" />
  </ItemGroup>
  <ItemGroup>
    <Filter Include="Source Files">
      <UniqueIdentifier>{377BD75D-FF67-3A8B-93F5-369284AC1F99}</UniqueIdentifier>
    </Filter>
  </ItemGroup>
</Project>
