
Microsoft Visual Studio Solution File, Format Version 12.00
# Visual Studio Version 17
Project("{2150E333-8FDC-42A3-9474-1A3956D46DE8}") = "CMakePredefinedTargets", "CMakePredefinedTargets", "{04F9568F-C715-333B-A61C-722FAC820441}"
EndProject
Project("{2150E333-8FDC-42A3-9474-1A3956D46DE8}") = "CTestDashboardTargets", "CTestDashboardTargets", "{34D5856C-DE80-3AD7-B3D8-0A8ABEE78640}"
EndProject
Project("{8BC9CEB8-8B4A-11D0-8D11-00A0C91BC942}") = "ALL_BUILD", "ALL_BUILD.vcxproj", "{F65C311A-C179-3CFC-9E14-E20773BCB8BF}"
	ProjectSection(ProjectDependencies) = postProject
		{C21BEDA3-B4C7-3299-AA47-BF9418E25937} = {C21BEDA3-B4C7-3299-AA47-BF9418E25937}
		{B2FD7003-610D-36F4-82A3-537CDB45DE8A} = {B2FD7003-610D-36F4-82A3-537CDB45DE8A}
		{8BE80EE2-8BB4-3610-BC09-93054E0AB861} = {8BE80EE2-8BB4-3610-BC09-93054E0AB861}
		{EA384FEE-69E5-3A99-AA5F-DAF1A5EB55C3} = {EA384FEE-69E5-3A99-AA5F-DAF1A5EB55C3}
		{5D4DFC58-DC22-3FEE-BC1F-C4D714FFD6EC} = {5D4DFC58-DC22-3FEE-BC1F-C4D714FFD6EC}
		{0C29CC79-4B07-3709-A613-4988059429F2} = {0C29CC79-4B07-3709-A613-4988059429F2}
		{FDD95483-6627-3135-B6B0-E7026BA1D443} = {FDD95483-6627-3135-B6B0-E7026BA1D443}
		{5319B084-CA67-3A1F-A163-16EF19DFD26E} = {5319B084-CA67-3A1F-A163-16EF19DFD26E}
		{A0E9B930-8A82-3883-94B6-FF061FD5CFB2} = {A0E9B930-8A82-3883-94B6-FF061FD5CFB2}
	EndProjectSection
EndProject
Project("{8BC9CEB8-8B4A-11D0-8D11-00A0C91BC942}") = "Continuous", "Continuous.vcxproj", "{8B1E2296-4465-38E5-BC45-97CA69377553}"
	ProjectSection(ProjectDependencies) = postProject
		{C21BEDA3-B4C7-3299-AA47-BF9418E25937} = {C21BEDA3-B4C7-3299-AA47-BF9418E25937}
	EndProjectSection
EndProject
Project("{8BC9CEB8-8B4A-11D0-8D11-00A0C91BC942}") = "Experimental", "Experimental.vcxproj", "{D45F8239-D222-30CD-873F-2BF7487BEF86}"
	ProjectSection(ProjectDependencies) = postProject
		{C21BEDA3-B4C7-3299-AA47-BF9418E25937} = {C21BEDA3-B4C7-3299-AA47-BF9418E25937}
	EndProjectSection
EndProject
Project("{8BC9CEB8-8B4A-11D0-8D11-00A0C91BC942}") = "Nightly", "Nightly.vcxproj", "{506AB083-2E8B-3CC7-9B9A-B84AD86EDACD}"
	ProjectSection(ProjectDependencies) = postProject
		{C21BEDA3-B4C7-3299-AA47-BF9418E25937} = {C21BEDA3-B4C7-3299-AA47-BF9418E25937}
	EndProjectSection
EndProject
Project("{8BC9CEB8-8B4A-11D0-8D11-00A0C91BC942}") = "NightlyMemoryCheck", "NightlyMemoryCheck.vcxproj", "{1CE803B7-6037-3E86-A7F7-879EA3752651}"
	ProjectSection(ProjectDependencies) = postProject
		{C21BEDA3-B4C7-3299-AA47-BF9418E25937} = {C21BEDA3-B4C7-3299-AA47-BF9418E25937}
	EndProjectSection
EndProject
Project("{8BC9CEB8-8B4A-11D0-8D11-00A0C91BC942}") = "RUN_TESTS", "RUN_TESTS.vcxproj", "{056A83BC-1806-31F8-A115-1E345194B7E4}"
	ProjectSection(ProjectDependencies) = postProject
		{C21BEDA3-B4C7-3299-AA47-BF9418E25937} = {C21BEDA3-B4C7-3299-AA47-BF9418E25937}
	EndProjectSection
EndProject
Project("{8BC9CEB8-8B4A-11D0-8D11-00A0C91BC942}") = "ZERO_CHECK", "ZERO_CHECK.vcxproj", "{C21BEDA3-B4C7-3299-AA47-BF9418E25937}"
	ProjectSection(ProjectDependencies) = postProject
	EndProjectSection
EndProject
Project("{8BC9CEB8-8B4A-11D0-8D11-00A0C91BC942}") = "navscene", "src\navscene.vcxproj", "{B2FD7003-610D-36F4-82A3-537CDB45DE8A}"
	ProjectSection(ProjectDependencies) = postProject
		{C21BEDA3-B4C7-3299-AA47-BF9418E25937} = {C21BEDA3-B4C7-3299-AA47-BF9418E25937}
	EndProjectSection
EndProject
Project("{8BC9CEB8-8B4A-11D0-8D11-00A0C91BC942}") = "navscene-demo-qt", "demo\qt\navscene-demo-qt.vcxproj", "{8BE80EE2-8BB4-3610-BC09-93054E0AB861}"
	ProjectSection(ProjectDependencies) = postProject
		{C21BEDA3-B4C7-3299-AA47-BF9418E25937} = {C21BEDA3-B4C7-3299-AA47-BF9418E25937}
		{B2FD7003-610D-36F4-82A3-537CDB45DE8A} = {B2FD7003-610D-36F4-82A3-537CDB45DE8A}
	EndProjectSection
EndProject
Project("{8BC9CEB8-8B4A-11D0-8D11-00A0C91BC942}") = "navscene-error-paths", "tests\navscene-error-paths.vcxproj", "{EA384FEE-69E5-3A99-AA5F-DAF1A5EB55C3}"
	ProjectSection(ProjectDependencies) = postProject
		{C21BEDA3-B4C7-3299-AA47-BF9418E25937} = {C21BEDA3-B4C7-3299-AA47-BF9418E25937}
		{B2FD7003-610D-36F4-82A3-537CDB45DE8A} = {B2FD7003-610D-36F4-82A3-537CDB45DE8A}
	EndProjectSection
EndProject
Project("{8BC9CEB8-8B4A-11D0-8D11-00A0C91BC942}") = "navscene-portrayal-mvp", "tests\navscene-portrayal-mvp.vcxproj", "{5D4DFC58-DC22-3FEE-BC1F-C4D714FFD6EC}"
	ProjectSection(ProjectDependencies) = postProject
		{C21BEDA3-B4C7-3299-AA47-BF9418E25937} = {C21BEDA3-B4C7-3299-AA47-BF9418E25937}
		{B2FD7003-610D-36F4-82A3-537CDB45DE8A} = {B2FD7003-610D-36F4-82A3-537CDB45DE8A}
	EndProjectSection
EndProject
Project("{8BC9CEB8-8B4A-11D0-8D11-00A0C91BC942}") = "navscene-s57-samples", "tests\navscene-s57-samples.vcxproj", "{0C29CC79-4B07-3709-A613-4988059429F2}"
	ProjectSection(ProjectDependencies) = postProject
		{C21BEDA3-B4C7-3299-AA47-BF9418E25937} = {C21BEDA3-B4C7-3299-AA47-BF9418E25937}
		{B2FD7003-610D-36F4-82A3-537CDB45DE8A} = {B2FD7003-610D-36F4-82A3-537CDB45DE8A}
	EndProjectSection
EndProject
Project("{8BC9CEB8-8B4A-11D0-8D11-00A0C91BC942}") = "navscene-scene-signature", "tests\navscene-scene-signature.vcxproj", "{FDD95483-6627-3135-B6B0-E7026BA1D443}"
	ProjectSection(ProjectDependencies) = postProject
		{C21BEDA3-B4C7-3299-AA47-BF9418E25937} = {C21BEDA3-B4C7-3299-AA47-BF9418E25937}
		{B2FD7003-610D-36F4-82A3-537CDB45DE8A} = {B2FD7003-610D-36F4-82A3-537CDB45DE8A}
	EndProjectSection
EndProject
Project("{8BC9CEB8-8B4A-11D0-8D11-00A0C91BC942}") = "navscene-scene-svg", "tests\navscene-scene-svg.vcxproj", "{5319B084-CA67-3A1F-A163-16EF19DFD26E}"
	ProjectSection(ProjectDependencies) = postProject
		{C21BEDA3-B4C7-3299-AA47-BF9418E25937} = {C21BEDA3-B4C7-3299-AA47-BF9418E25937}
		{B2FD7003-610D-36F4-82A3-537CDB45DE8A} = {B2FD7003-610D-36F4-82A3-537CDB45DE8A}
	EndProjectSection
EndProject
Project("{8BC9CEB8-8B4A-11D0-8D11-00A0C91BC942}") = "navscene-smoke", "tests\navscene-smoke.vcxproj", "{A0E9B930-8A82-3883-94B6-FF061FD5CFB2}"
	ProjectSection(ProjectDependencies) = postProject
		{C21BEDA3-B4C7-3299-AA47-BF9418E25937} = {C21BEDA3-B4C7-3299-AA47-BF9418E25937}
		{B2FD7003-610D-36F4-82A3-537CDB45DE8A} = {B2FD7003-610D-36F4-82A3-537CDB45DE8A}
	EndProjectSection
EndProject
Global
	GlobalSection(SolutionConfigurationPlatforms) = preSolution
		Debug|x64 = Debug|x64
		Release|x64 = Release|x64
		MinSizeRel|x64 = MinSizeRel|x64
		RelWithDebInfo|x64 = RelWithDebInfo|x64
	EndGlobalSection
	GlobalSection(ProjectConfigurationPlatforms) = postSolution
		{F65C311A-C179-3CFC-9E14-E20773BCB8BF}.Debug|x64.ActiveCfg = Debug|x64
		{F65C311A-C179-3CFC-9E14-E20773BCB8BF}.Release|x64.ActiveCfg = Release|x64
		{F65C311A-C179-3CFC-9E14-E20773BCB8BF}.MinSizeRel|x64.ActiveCfg = MinSizeRel|x64
		{F65C311A-C179-3CFC-9E14-E20773BCB8BF}.RelWithDebInfo|x64.ActiveCfg = RelWithDebInfo|x64
		{8B1E2296-4465-38E5-BC45-97CA69377553}.Debug|x64.ActiveCfg = Debug|x64
		{8B1E2296-4465-38E5-BC45-97CA69377553}.Release|x64.ActiveCfg = Release|x64
		{8B1E2296-4465-38E5-BC45-97CA69377553}.MinSizeRel|x64.ActiveCfg = MinSizeRel|x64
		{8B1E2296-4465-38E5-BC45-97CA69377553}.RelWithDebInfo|x64.ActiveCfg = RelWithDebInfo|x64
		{D45F8239-D222-30CD-873F-2BF7487BEF86}.Debug|x64.ActiveCfg = Debug|x64
		{D45F8239-D222-30CD-873F-2BF7487BEF86}.Release|x64.ActiveCfg = Release|x64
		{D45F8239-D222-30CD-873F-2BF7487BEF86}.MinSizeRel|x64.ActiveCfg = MinSizeRel|x64
		{D45F8239-D222-30CD-873F-2BF7487BEF86}.RelWithDebInfo|x64.ActiveCfg = RelWithDebInfo|x64
		{506AB083-2E8B-3CC7-9B9A-B84AD86EDACD}.Debug|x64.ActiveCfg = Debug|x64
		{506AB083-2E8B-3CC7-9B9A-B84AD86EDACD}.Release|x64.ActiveCfg = Release|x64
		{506AB083-2E8B-3CC7-9B9A-B84AD86EDACD}.MinSizeRel|x64.ActiveCfg = MinSizeRel|x64
		{506AB083-2E8B-3CC7-9B9A-B84AD86EDACD}.RelWithDebInfo|x64.ActiveCfg = RelWithDebInfo|x64
		{1CE803B7-6037-3E86-A7F7-879EA3752651}.Debug|x64.ActiveCfg = Debug|x64
		{1CE803B7-6037-3E86-A7F7-879EA3752651}.Release|x64.ActiveCfg = Release|x64
		{1CE803B7-6037-3E86-A7F7-879EA3752651}.MinSizeRel|x64.ActiveCfg = MinSizeRel|x64
		{1CE803B7-6037-3E86-A7F7-879EA3752651}.RelWithDebInfo|x64.ActiveCfg = RelWithDebInfo|x64
		{056A83BC-1806-31F8-A115-1E345194B7E4}.Debug|x64.ActiveCfg = Debug|x64
		{056A83BC-1806-31F8-A115-1E345194B7E4}.Release|x64.ActiveCfg = Release|x64
		{056A83BC-1806-31F8-A115-1E345194B7E4}.MinSizeRel|x64.ActiveCfg = MinSizeRel|x64
		{056A83BC-1806-31F8-A115-1E345194B7E4}.RelWithDebInfo|x64.ActiveCfg = RelWithDebInfo|x64
		{C21BEDA3-B4C7-3299-AA47-BF9418E25937}.Debug|x64.ActiveCfg = Debug|x64
		{C21BEDA3-B4C7-3299-AA47-BF9418E25937}.Debug|x64.Build.0 = Debug|x64
		{C21BEDA3-B4C7-3299-AA47-BF9418E25937}.Release|x64.ActiveCfg = Release|x64
		{C21BEDA3-B4C7-3299-AA47-BF9418E25937}.Release|x64.Build.0 = Release|x64
		{C21BEDA3-B4C7-3299-AA47-BF9418E25937}.MinSizeRel|x64.ActiveCfg = MinSizeRel|x64
		{C21BEDA3-B4C7-3299-AA47-BF9418E25937}.MinSizeRel|x64.Build.0 = MinSizeRel|x64
		{C21BEDA3-B4C7-3299-AA47-BF9418E25937}.RelWithDebInfo|x64.ActiveCfg = RelWithDebInfo|x64
		{C21BEDA3-B4C7-3299-AA47-BF9418E25937}.RelWithDebInfo|x64.Build.0 = RelWithDebInfo|x64
		{B2FD7003-610D-36F4-82A3-537CDB45DE8A}.Debug|x64.ActiveCfg = Debug|x64
		{B2FD7003-610D-36F4-82A3-537CDB45DE8A}.Debug|x64.Build.0 = Debug|x64
		{B2FD7003-610D-36F4-82A3-537CDB45DE8A}.Release|x64.ActiveCfg = Release|x64
		{B2FD7003-610D-36F4-82A3-537CDB45DE8A}.Release|x64.Build.0 = Release|x64
		{B2FD7003-610D-36F4-82A3-537CDB45DE8A}.MinSizeRel|x64.ActiveCfg = MinSizeRel|x64
		{B2FD7003-610D-36F4-82A3-537CDB45DE8A}.MinSizeRel|x64.Build.0 = MinSizeRel|x64
		{B2FD7003-610D-36F4-82A3-537CDB45DE8A}.RelWithDebInfo|x64.ActiveCfg = RelWithDebInfo|x64
		{B2FD7003-610D-36F4-82A3-537CDB45DE8A}.RelWithDebInfo|x64.Build.0 = RelWithDebInfo|x64
		{8BE80EE2-8BB4-3610-BC09-93054E0AB861}.Debug|x64.ActiveCfg = Debug|x64
		{8BE80EE2-8BB4-3610-BC09-93054E0AB861}.Debug|x64.Build.0 = Debug|x64
		{8BE80EE2-8BB4-3610-BC09-93054E0AB861}.Release|x64.ActiveCfg = Release|x64
		{8BE80EE2-8BB4-3610-BC09-93054E0AB861}.Release|x64.Build.0 = Release|x64
		{8BE80EE2-8BB4-3610-BC09-93054E0AB861}.MinSizeRel|x64.ActiveCfg = MinSizeRel|x64
		{8BE80EE2-8BB4-3610-BC09-93054E0AB861}.MinSizeRel|x64.Build.0 = MinSizeRel|x64
		{8BE80EE2-8BB4-3610-BC09-93054E0AB861}.RelWithDebInfo|x64.ActiveCfg = RelWithDebInfo|x64
		{8BE80EE2-8BB4-3610-BC09-93054E0AB861}.RelWithDebInfo|x64.Build.0 = RelWithDebInfo|x64
		{EA384FEE-69E5-3A99-AA5F-DAF1A5EB55C3}.Debug|x64.ActiveCfg = Debug|x64
		{EA384FEE-69E5-3A99-AA5F-DAF1A5EB55C3}.Debug|x64.Build.0 = Debug|x64
		{EA384FEE-69E5-3A99-AA5F-DAF1A5EB55C3}.Release|x64.ActiveCfg = Release|x64
		{EA384FEE-69E5-3A99-AA5F-DAF1A5EB55C3}.Release|x64.Build.0 = Release|x64
		{EA384FEE-69E5-3A99-AA5F-DAF1A5EB55C3}.MinSizeRel|x64.ActiveCfg = MinSizeRel|x64
		{EA384FEE-69E5-3A99-AA5F-DAF1A5EB55C3}.MinSizeRel|x64.Build.0 = MinSizeRel|x64
		{EA384FEE-69E5-3A99-AA5F-DAF1A5EB55C3}.RelWithDebInfo|x64.ActiveCfg = RelWithDebInfo|x64
		{EA384FEE-69E5-3A99-AA5F-DAF1A5EB55C3}.RelWithDebInfo|x64.Build.0 = RelWithDebInfo|x64
		{5D4DFC58-DC22-3FEE-BC1F-C4D714FFD6EC}.Debug|x64.ActiveCfg = Debug|x64
		{5D4DFC58-DC22-3FEE-BC1F-C4D714FFD6EC}.Debug|x64.Build.0 = Debug|x64
		{5D4DFC58-DC22-3FEE-BC1F-C4D714FFD6EC}.Release|x64.ActiveCfg = Release|x64
		{5D4DFC58-DC22-3FEE-BC1F-C4D714FFD6EC}.Release|x64.Build.0 = Release|x64
		{5D4DFC58-DC22-3FEE-BC1F-C4D714FFD6EC}.MinSizeRel|x64.ActiveCfg = MinSizeRel|x64
		{5D4DFC58-DC22-3FEE-BC1F-C4D714FFD6EC}.MinSizeRel|x64.Build.0 = MinSizeRel|x64
		{5D4DFC58-DC22-3FEE-BC1F-C4D714FFD6EC}.RelWithDebInfo|x64.ActiveCfg = RelWithDebInfo|x64
		{5D4DFC58-DC22-3FEE-BC1F-C4D714FFD6EC}.RelWithDebInfo|x64.Build.0 = RelWithDebInfo|x64
		{0C29CC79-4B07-3709-A613-4988059429F2}.Debug|x64.ActiveCfg = Debug|x64
		{0C29CC79-4B07-3709-A613-4988059429F2}.Debug|x64.Build.0 = Debug|x64
		{0C29CC79-4B07-3709-A613-4988059429F2}.Release|x64.ActiveCfg = Release|x64
		{0C29CC79-4B07-3709-A613-4988059429F2}.Release|x64.Build.0 = Release|x64
		{0C29CC79-4B07-3709-A613-4988059429F2}.MinSizeRel|x64.ActiveCfg = MinSizeRel|x64
		{0C29CC79-4B07-3709-A613-4988059429F2}.MinSizeRel|x64.Build.0 = MinSizeRel|x64
		{0C29CC79-4B07-3709-A613-4988059429F2}.RelWithDebInfo|x64.ActiveCfg = RelWithDebInfo|x64
		{0C29CC79-4B07-3709-A613-4988059429F2}.RelWithDebInfo|x64.Build.0 = RelWithDebInfo|x64
		{FDD95483-6627-3135-B6B0-E7026BA1D443}.Debug|x64.ActiveCfg = Debug|x64
		{FDD95483-6627-3135-B6B0-E7026BA1D443}.Debug|x64.Build.0 = Debug|x64
		{FDD95483-6627-3135-B6B0-E7026BA1D443}.Release|x64.ActiveCfg = Release|x64
		{FDD95483-6627-3135-B6B0-E7026BA1D443}.Release|x64.Build.0 = Release|x64
		{FDD95483-6627-3135-B6B0-E7026BA1D443}.MinSizeRel|x64.ActiveCfg = MinSizeRel|x64
		{FDD95483-6627-3135-B6B0-E7026BA1D443}.MinSizeRel|x64.Build.0 = MinSizeRel|x64
		{FDD95483-6627-3135-B6B0-E7026BA1D443}.RelWithDebInfo|x64.ActiveCfg = RelWithDebInfo|x64
		{FDD95483-6627-3135-B6B0-E7026BA1D443}.RelWithDebInfo|x64.Build.0 = RelWithDebInfo|x64
		{5319B084-CA67-3A1F-A163-16EF19DFD26E}.Debug|x64.ActiveCfg = Debug|x64
		{5319B084-CA67-3A1F-A163-16EF19DFD26E}.Debug|x64.Build.0 = Debug|x64
		{5319B084-CA67-3A1F-A163-16EF19DFD26E}.Release|x64.ActiveCfg = Release|x64
		{5319B084-CA67-3A1F-A163-16EF19DFD26E}.Release|x64.Build.0 = Release|x64
		{5319B084-CA67-3A1F-A163-16EF19DFD26E}.MinSizeRel|x64.ActiveCfg = MinSizeRel|x64
		{5319B084-CA67-3A1F-A163-16EF19DFD26E}.MinSizeRel|x64.Build.0 = MinSizeRel|x64
		{5319B084-CA67-3A1F-A163-16EF19DFD26E}.RelWithDebInfo|x64.ActiveCfg = RelWithDebInfo|x64
		{5319B084-CA67-3A1F-A163-16EF19DFD26E}.RelWithDebInfo|x64.Build.0 = RelWithDebInfo|x64
		{A0E9B930-8A82-3883-94B6-FF061FD5CFB2}.Debug|x64.ActiveCfg = Debug|x64
		{A0E9B930-8A82-3883-94B6-FF061FD5CFB2}.Debug|x64.Build.0 = Debug|x64
		{A0E9B930-8A82-3883-94B6-FF061FD5CFB2}.Release|x64.ActiveCfg = Release|x64
		{A0E9B930-8A82-3883-94B6-FF061FD5CFB2}.Release|x64.Build.0 = Release|x64
		{A0E9B930-8A82-3883-94B6-FF061FD5CFB2}.MinSizeRel|x64.ActiveCfg = MinSizeRel|x64
		{A0E9B930-8A82-3883-94B6-FF061FD5CFB2}.MinSizeRel|x64.Build.0 = MinSizeRel|x64
		{A0E9B930-8A82-3883-94B6-FF061FD5CFB2}.RelWithDebInfo|x64.ActiveCfg = RelWithDebInfo|x64
		{A0E9B930-8A82-3883-94B6-FF061FD5CFB2}.RelWithDebInfo|x64.Build.0 = RelWithDebInfo|x64
	EndGlobalSection
	GlobalSection(NestedProjects) = preSolution
		{F65C311A-C179-3CFC-9E14-E20773BCB8BF} = {04F9568F-C715-333B-A61C-722FAC820441}
		{056A83BC-1806-31F8-A115-1E345194B7E4} = {04F9568F-C715-333B-A61C-722FAC820441}
		{C21BEDA3-B4C7-3299-AA47-BF9418E25937} = {04F9568F-C715-333B-A61C-722FAC820441}
		{8B1E2296-4465-38E5-BC45-97CA69377553} = {34D5856C-DE80-3AD7-B3D8-0A8ABEE78640}
		{D45F8239-D222-30CD-873F-2BF7487BEF86} = {34D5856C-DE80-3AD7-B3D8-0A8ABEE78640}
		{506AB083-2E8B-3CC7-9B9A-B84AD86EDACD} = {34D5856C-DE80-3AD7-B3D8-0A8ABEE78640}
		{1CE803B7-6037-3E86-A7F7-879EA3752651} = {34D5856C-DE80-3AD7-B3D8-0A8ABEE78640}
	EndGlobalSection
	GlobalSection(ExtensibilityGlobals) = postSolution
		SolutionGuid = {BDEB7C88-4080-3BC7-8E44-AE3C2F0C7417}
	EndGlobalSection
	GlobalSection(ExtensibilityAddIns) = postSolution
	EndGlobalSection
EndGlobal
